
Microsoft Visual Studio Solution File, Format Version 12.00
# Visual Studio Version 16
VisualStudioVersion = 16.0.30204.135
MinimumVisualStudioVersion = 10.0.40219.1
Project("{FAE04EC0-301F-11D3-BF4B-00C04F79EFBC}") = "LinqToXmlFirstLook", "LinqToXmlFirstLook\LinqToXmlFirstLook.csproj", "{B13EF512-503D-4C1B-81FC-3AEB105F1009}"
EndProject
Global
	GlobalSection(SolutionConfigurationPlatforms) = preSolution
		Debug|Any CPU = Debug|Any CPU
		Release|Any CPU = Release|Any CPU
	EndGlobalSection
	GlobalSection(ProjectConfigurationPlatforms) = postSolution
		{B13EF512-503D-4C1B-81FC-3AEB105F1009}.Debug|Any CPU.ActiveCfg = Debug|Any CPU
		{B13EF512-503D-4C1B-81FC-3AEB105F1009}.Debug|Any CPU.Build.0 = Debug|Any CPU
		{B13EF512-503D-4C1B-81FC-3AEB105F1009}.Release|Any CPU.ActiveCfg = Release|Any CPU
		{B13EF512-503D-4C1B-81FC-3AEB105F1009}.Release|Any CPU.Build.0 = Release|Any CPU
	EndGlobalSection
	GlobalSection(SolutionProperties) = preSolution
		HideSolutionNode = FALSE
	EndGlobalSection
	GlobalSection(ExtensibilityGlobals) = postSolution
		SolutionGuid = {A7C0A525-4463-4A38-A4AA-4ABDDA4D5240}
	EndGlobalSection
EndGlobal
